// !$*UTF8*$!
{
	archiveVersion = 1;
	classes = {
	};
	objectVersion = 56;
	objects = {

/* Begin PBXBuildFile section */
		84651EB7292601F200F7F938 /* AppDelegate.swift in Sources */ = {isa = PBXBuildFile; fileRef = 84651EB6292601F200F7F938 /* AppDelegate.swift */; };
		84651EB9292601F200F7F938 /* SceneDelegate.swift in Sources */ = {isa = PBXBuildFile; fileRef = 84651EB8292601F200F7F938 /* SceneDelegate.swift */; };
		84651EBB292601F200F7F938 /* ViewController.swift in Sources */ = {isa = PBXBuildFile; fileRef = 84651EBA292601F200F7F938 /* ViewController.swift */; };
		84651EBE292601F200F7F938 /* Main.storyboard in Resources */ = {isa = PBXBuildFile; fileRef = 84651EBC292601F200F7F938 /* Main.storyboard */; };
		84651EC0292601F500F7F938 /* Assets.xcassets in Resources */ = {isa = PBXBuildFile; fileRef = 84651EBF292601F500F7F938 /* Assets.xcassets */; };
		84651EC3292601F500F7F938 /* LaunchScreen.storyboard in Resources */ = {isa = PBXBuildFile; fileRef = 84651EC1292601F500F7F938 /* LaunchScreen.storyboard */; };
		84651ECE292601F500F7F938 /* karthikCalsTests.swift in Sources */ = {isa = PBXBuildFile; fileRef = 84651ECD292601F500F7F938 /* karthikCalsTests.swift */; };
		84651ED8292601F500F7F938 /* karthikCalsUITests.swift in Sources */ = {isa = PBXBuildFile; fileRef = 84651ED7292601F500F7F938 /* karthikCalsUITests.swift */; };
		84651EDA292601F500F7F938 /* karthikCalsUITestsLaunchTests.swift in Sources */ = {isa = PBXBuildFile; fileRef = 84651ED9292601F500F7F938 /* karthikCalsUITestsLaunchTests.swift */; };
/* End PBXBuildFile section */

/* Begin PBXContainerItemProxy section */
		84651ECA292601F500F7F938 /* PBXContainerItemProxy */ = {
			isa = PBXContainerItemProxy;
			containerPortal = 84651EAB292601F200F7F938 /* Project object */;
			proxyType = 1;
			remoteGlobalIDString = 84651EB2292601F200F7F938;
			remoteInfo = karthikCals;
		};
		84651ED4292601F500F7F938 /* PBXContainerItemProxy */ = {
			isa = PBXContainerItemProxy;
			containerPortal = 84651EAB292601F200F7F938 /* Project object */;
			proxyType = 1;
			remoteGlobalIDString = 84651EB2292601F200F7F938;
			remoteInfo = karthikCals;
		};
/* End PBXContainerItemProxy section */

/* Begin PBXFileReference section */
		84651EB3292601F200F7F938 /* karthikCals.app */ = {isa = PBXFileReference; explicitFileType = wrapper.application; includeInIndex = 0; path = karthikCals.app; sourceTree = BUILT_PRODUCTS_DIR; };
		84651EB6292601F200F7F938 /* AppDelegate.swift */ = {isa = PBXFileReference; lastKnownFileType = sourcecode.swift; path = AppDelegate.swift; sourceTree = "<group>"; };
		84651EB8292601F200F7F938 /* SceneDelegate.swift */ = {isa = PBXFileReference; lastKnownFileType = sourcecode.swift; path = SceneDelegate.swift; sourceTree = "<group>"; };
		84651EBA292601F200F7F938 /* ViewController.swift */ = {isa = PBXFileReference; lastKnownFileType = sourcecode.swift; path = ViewController.swift; sourceTree = "<group>"; };
		84651EBD292601F200F7F938 /* Base */ = {isa = PBXFileReference; lastKnownFileType = file.storyboard; name = Base; path = Base.lproj/Main.storyboard; sourceTree = "<group>"; };
		84651EBF292601F500F7F938 /* Assets.xcassets */ = {isa = PBXFileReference; lastKnownFileType = folder.assetcatalog; path = Assets.xcassets; sourceTree = "<group>"; };
		84651EC2292601F500F7F938 /* Base */ = {isa = PBXFileReference; lastKnownFileType = file.storyboard; name = Base; path = Base.lproj/LaunchScreen.storyboard; sourceTree = "<group>"; };
		84651EC4292601F500F7F938 /* Info.plist */ = {isa = PBXFileReference; lastKnownFileType = text.plist.xml; path = Info.plist; sourceTree = "<group>"; };
		84651EC9292601F500F7F938 /* karthikCalsTests.xctest */ = {isa = PBXFileReference; explicitFileType = wrapper.cfbundle; includeInIndex = 0; path = karthikCalsTests.xctest; sourceTree = BUILT_PRODUCTS_DIR; };
		84651ECD292601F500F7F938 /* karthikCalsTests.swift */ = {isa = PBXFileReference; lastKnownFileType = sourcecode.swift; path = karthikCalsTests.swift; sourceTree = "<group>"; };
		84651ED3292601F500F7F938 /* karthikCalsUITests.xctest */ = {isa = PBXFileReference; explicitFileType = wrapper.cfbundle; includeInIndex = 0; path = karthikCalsUITests.xctest; sourceTree = BUILT_PRODUCTS_DIR; };
		84651ED7292601F500F7F938 /* karthikCalsUITests.swift */ = {isa = PBXFileReference; lastKnownFileType = sourcecode.swift; path = karthikCalsUITests.swift; sourceTree = "<group>"; };
		84651ED9292601F500F7F938 /* karthikCalsUITestsLaunchTests.swift */ = {isa = PBXFileReference; lastKnownFileType = sourcecode.swift; path = karthikCalsUITestsLaunchTests.swift; sourceTree = "<group>"; };
/* End PBXFileReference section */

/* Begin PBXFrameworksBuildPhase section */
		84651EB0292601F200F7F938 /* Frameworks */ = {
			isa = PBXFrameworksBuildPhase;
			buildActionMask = 2147483647;
			files = (
			);
			runOnlyForDeploymentPostprocessing = 0;
		};
		84651EC6292601F500F7F938 /* Frameworks */ = {
			isa = PBXFrameworksBuildPhase;
			buildActionMask = 2147483647;
			files = (
			);
			runOnlyForDeploymentPostprocessing = 0;
		};
		84651ED0292601F500F7F938 /* Frameworks */ = {
			isa = PBXFrameworksBuildPhase;
			buildActionMask = 2147483647;
			files = (
			);
			runOnlyForDeploymentPostprocessing = 0;
		};
/* End PBXFrameworksBuildPhase section */

/* Begin PBXGroup section */
		84651EAA292601F200F7F938 = {
			isa = PBXGroup;
			children = (
				84651EB5292601F200F7F938 /* karthikCals */,
				84651ECC292601F500F7F938 /* karthikCalsTests */,
				84651ED6292601F500F7F938 /* karthikCalsUITests */,
				84651EB4292601F200F7F938 /* Products */,
			);
			sourceTree = "<group>";
		};
		84651EB4292601F200F7F938 /* Products */ = {
			isa = PBXGroup;
			children = (
				84651EB3292601F200F7F938 /* karthikCals.app */,
				84651EC9292601F500F7F938 /* karthikCalsTests.xctest */,
				84651ED3292601F500F7F938 /* karthikCalsUITests.xctest */,
			);
			name = Products;
			sourceTree = "<group>";
		};
		84651EB5292601F200F7F938 /* karthikCals */ = {
			isa = PBXGroup;
			children = (
				84651EB6292601F200F7F938 /* AppDelegate.swift */,
				84651EB8292601F200F7F938 /* SceneDelegate.swift */,
				84651EBA292601F200F7F938 /* ViewController.swift */,
				84651EBC292601F200F7F938 /* Main.storyboard */,
				84651EBF292601F500F7F938 /* Assets.xcassets */,
				84651EC1292601F500F7F938 /* LaunchScreen.storyboard */,
				84651EC4292601F500F7F938 /* Info.plist */,
			);
			path = karthikCals;
			sourceTree = "<group>";
		};
		84651ECC292601F500F7F938 /* karthikCalsTests */ = {
			isa = PBXGroup;
			children = (
				84651ECD292601F500F7F938 /* karthikCalsTests.swift */,
			);
			path = karthikCalsTests;
			sourceTree = "<group>";
		};
		84651ED6292601F500F7F938 /* karthikCalsUITests */ = {
			isa = PBXGroup;
			children = (
				84651ED7292601F500F7F938 /* karthikCalsUITests.swift */,
				84651ED9292601F500F7F938 /* karthikCalsUITestsLaunchTests.swift */,
			);
			path = karthikCalsUITests;
			sourceTree = "<group>";
		};
/* End PBXGroup section */

/* Begin PBXNativeTarget section */
		84651EB2292601F200F7F938 /* karthikCals */ = {
			isa = PBXNativeTarget;
			buildConfigurationList = 84651EDD292601F500F7F938 /* Build configuration list for PBXNativeTarget "karthikCals" */;
			buildPhases = (
				84651EAF292601F200F7F938 /* Sources */,
				84651EB0292601F200F7F938 /* Frameworks */,
				84651EB1292601F200F7F938 /* Resources */,
			);
			buildRules = (
			);
			dependencies = (
			);
			name = karthikCals;
			productName = karthikCals;
			productReference = 84651EB3292601F200F7F938 /* karthikCals.app */;
			productType = "com.apple.product-type.application";
		};
		84651EC8292601F500F7F938 /* karthikCalsTests */ = {
			isa = PBXNativeTarget;
			buildConfigurationList = 84651EE0292601F500F7F938 /* Build configuration list for PBXNativeTarget "karthikCalsTests" */;
			buildPhases = (
				84651EC5292601F500F7F938 /* Sources */,
				84651EC6292601F500F7F938 /* Frameworks */,
				84651EC7292601F500F7F938 /* Resources */,
			);
			buildRules = (
			);
			dependencies = (
				84651ECB292601F500F7F938 /* PBXTargetDependency */,
			);
			name = karthikCalsTests;
			productName = karthikCalsTests;
			productReference = 84651EC9292601F500F7F938 /* karthikCalsTests.xctest */;
			productType = "com.apple.product-type.bundle.unit-test";
		};
		84651ED2292601F500F7F938 /* karthikCalsUITests */ = {
			isa = PBXNativeTarget;
			buildConfigurationList = 84651EE3292601F500F7F938 /* Build configuration list for PBXNativeTarget "karthikCalsUITests" */;
			buildPhases = (
				84651ECF292601F500F7F938 /* Sources */,
				84651ED0292601F500F7F938 /* Frameworks */,
				84651ED1292601F500F7F938 /* Resources */,
			);
			buildRules = (
			);
			dependencies = (
				84651ED5292601F500F7F938 /* PBXTargetDependency */,
			);
			name = karthikCalsUITests;
			productName = karthikCalsUITests;
			productReference = 84651ED3292601F500F7F938 /* karthikCalsUITests.xctest */;
			productType = "com.apple.product-type.bundle.ui-testing";
		};
/* End PBXNativeTarget section */

/* Begin PBXProject section */
		84651EAB292601F200F7F938 /* Project object */ = {
			isa = PBXProject;
			attributes = {
				BuildIndependentTargetsInParallel = 1;
				LastSwiftUpdateCheck = 1400;
				LastUpgradeCheck = 1400;
				TargetAttributes = {
					84651EB2292601F200F7F938 = {
						CreatedOnToolsVersion = 14.0;
					};
					84651EC8292601F500F7F938 = {
						CreatedOnToolsVersion = 14.0;
						TestTargetID = 84651EB2292601F200F7F938;
					};
					84651ED2292601F500F7F938 = {
						CreatedOnToolsVersion = 14.0;
						TestTargetID = 84651EB2292601F200F7F938;
					};
				};
			};
			buildConfigurationList = 84651EAE292601F200F7F938 /* Build configuration list for PBXProject "karthikCals" */;
			compatibilityVersion = "Xcode 14.0";
			developmentRegion = en;
			hasScannedForEncodings = 0;
			knownRegions = (
				en,
				Base,
			);
			mainGroup = 84651EAA292601F200F7F938;
			productRefGroup = 84651EB4292601F200F7F938 /* Products */;
			projectDirPath = "";
			projectRoot = "";
			targets = (
				84651EB2292601F200F7F938 /* karthikCals */,
				84651EC8292601F500F7F938 /* karthikCalsTests */,
				84651ED2292601F500F7F938 /* karthikCalsUITests */,
			);
		};
/* End PBXProject section */

/* Begin PBXResourcesBuildPhase section */
		84651EB1292601F200F7F938 /* Resources */ = {
			isa = PBXResourcesBuildPhase;
			buildActionMask = 2147483647;
			files = (
				84651EC3292601F500F7F938 /* LaunchScreen.storyboard in Resources */,
				84651EC0292601F500F7F938 /* Assets.xcassets in Resources */,
				84651EBE292601F200F7F938 /* Main.storyboard in Resources */,
			);
			runOnlyForDeploymentPostprocessing = 0;
		};
		84651EC7292601F500F7F938 /* Resources */ = {
			isa = PBXResourcesBuildPhase;
			buildActionMask = 2147483647;
			files = (
			);
			runOnlyForDeploymentPostprocessing = 0;
		};
		84651ED1292601F500F7F938 /* Resources */ = {
			isa = PBXResourcesBuildPhase;
			buildActionMask = 2147483647;
			files = (
			);
			runOnlyForDeploymentPostprocessing = 0;
		};
/* End PBXResourcesBuildPhase section */

/* Begin PBXSourcesBuildPhase section */
		84651EAF292601F200F7F938 /* Sources */ = {
			isa = PBXSourcesBuildPhase;
			buildActionMask = 2147483647;
			files = (
				84651EBB292601F200F7F938 /* ViewController.swift in Sources */,
				84651EB7292601F200F7F938 /* AppDelegate.swift in Sources */,
				84651EB9292601F200F7F938 /* SceneDelegate.swift in Sources */,
			);
			runOnlyForDeploymentPostprocessing = 0;
		};
		84651EC5292601F500F7F938 /* Sources */ = {
			isa = PBXSourcesBuildPhase;
			buildActionMask = 2147483647;
			files = (
				84651ECE292601F500F7F938 /* karthikCalsTests.swift in Sources */,
			);
			runOnlyForDeploymentPostprocessing = 0;
		};
		84651ECF292601F500F7F938 /* Sources */ = {
			isa = PBXSourcesBuildPhase;
			buildActionMask = 2147483647;
			files = (
				84651EDA292601F500F7F938 /* karthikCalsUITestsLaunchTests.swift in Sources */,
				84651ED8292601F500F7F938 /* karthikCalsUITests.swift in Sources */,
			);
			runOnlyForDeploymentPostprocessing = 0;
		};
/* End PBXSourcesBuildPhase section */

/* Begin PBXTargetDependency section */
		84651ECB292601F500F7F938 /* PBXTargetDependency */ = {
			isa = PBXTargetDependency;
			target = 84651EB2292601F200F7F938 /* karthikCals */;
			targetProxy = 84651ECA292601F500F7F938 /* PBXContainerItemProxy */;
		};
		84651ED5292601F500F7F938 /* PBXTargetDependency */ = {
			isa = PBXTargetDependency;
			target = 84651EB2292601F200F7F938 /* karthikCals */;
			targetProxy = 84651ED4292601F500F7F938 /* PBXContainerItemProxy */;
		};
/* End PBXTargetDependency section */

/* Begin PBXVariantGroup section */
		84651EBC292601F200F7F938 /* Main.storyboard */ = {
			isa = PBXVariantGroup;
			children = (
				84651EBD292601F200F7F938 /* Base */,
			);
			name = Main.storyboard;
			sourceTree = "<group>";
		};
		84651EC1292601F500F7F938 /* LaunchScreen.storyboard */ = {
			isa = PBXVariantGroup;
			children = (
				84651EC2292601F500F7F938 /* Base */,
			);
			name = LaunchScreen.storyboard;
			sourceTree = "<group>";
		};
/* End PBXVariantGroup section */

/* Begin XCBuildConfiguration section */
		84651EDB292601F500F7F938 /* Debug */ = {
			isa = XCBuildConfiguration;
			buildSettings = {
				ALWAYS_SEARCH_USER_PATHS = NO;
				CLANG_ANALYZER_NONNULL = YES;
				CLANG_ANALYZER_NUMBER_OBJECT_CONVERSION = YES_AGGRESSIVE;
				CLANG_CXX_LANGUAGE_STANDARD = "gnu++20";
				CLANG_ENABLE_MODULES = YES;
				CLANG_ENABLE_OBJC_ARC = YES;
				CLANG_ENABLE_OBJC_WEAK = YES;
				CLANG_WARN_BLOCK_CAPTURE_AUTORELEASING = YES;
				CLANG_WARN_BOOL_CONVERSION = YES;
				CLANG_WARN_COMMA = YES;
				CLANG_WARN_CONSTANT_CONVERSION = YES;
				CLANG_WARN_DEPRECATED_OBJC_IMPLEMENTATIONS = YES;
				CLANG_WARN_DIRECT_OBJC_ISA_USAGE = YES_ERROR;
				CLANG_WARN_DOCUMENTATION_COMMENTS = YES;
				CLANG_WARN_EMPTY_BODY = YES;
				CLANG_WARN_ENUM_CONVERSION = YES;
				CLANG_WARN_INFINITE_RECURSION = YES;
				CLANG_WARN_INT_CONVERSION = YES;
				CLANG_WARN_NON_LITERAL_NULL_CONVERSION = YES;
				CLANG_WARN_OBJC_IMPLICIT_RETAIN_SELF = YES;
				CLANG_WARN_OBJC_LITERAL_CONVERSION = YES;
				CLANG_WARN_OBJC_ROOT_CLASS = YES_ERROR;
				CLANG_WARN_QUOTED_INCLUDE_IN_FRAMEWORK_HEADER = YES;
				CLANG_WARN_RANGE_LOOP_ANALYSIS = YES;
				CLANG_WARN_STRICT_PROTOTYPES = YES;
				CLANG_WARN_SUSPICIOUS_MOVE = YES;
				CLANG_WARN_UNGUARDED_AVAILABILITY = YES_AGGRESSIVE;
				CLANG_WARN_UNREACHABLE_CODE = YES;
				CLANG_WARN__DUPLICATE_METHOD_MATCH = YES;
				COPY_PHASE_STRIP = NO;
				DEBUG_INFORMATION_FORMAT = dwarf;
				ENABLE_STRICT_OBJC_MSGSEND = YES;
				ENABLE_TESTABILITY = YES;
				GCC_C_LANGUAGE_STANDARD = gnu11;
				GCC_DYNAMIC_NO_PIC = NO;
				GCC_NO_COMMON_BLOCKS = YES;
				GCC_OPTIMIZATION_LEVEL = 0;
				GCC_PREPROCESSOR_DEFINITIONS = (
					"DEBUG=1",
					"$(inherited)",
				);
				GCC_WARN_64_TO_32_BIT_CONVERSION = YES;
				GCC_WARN_ABOUT_RETURN_TYPE = YES_ERROR;
				GCC_WARN_UNDECLARED_SELECTOR = YES;
				GCC_WARN_UNINITIALIZED_AUTOS = YES_AGGRESSIVE;
				GCC_WARN_UNUSED_FUNCTION = YES;
				GCC_WARN_UNUSED_VARIABLE = YES;
				IPHONEOS_DEPLOYMENT_TARGET = 16.0;
				MTL_ENABLE_DEBUG_INFO = INCLUDE_SOURCE;
				MTL_FAST_MATH = YES;
				ONLY_ACTIVE_ARCH = YES;
				SDKROOT = iphoneos;
				SWIFT_ACTIVE_COMPILATION_CONDITIONS = DEBUG;
				SWIFT_OPTIMIZATION_LEVEL = "-Onone";
			};
			name = Debug;
		};
		84651EDC292601F500F7F938 /* Release */ = {
			isa = XCBuildConfiguration;
			buildSettings = {
				ALWAYS_SEARCH_USER_PATHS = NO;
				CLANG_ANALYZER_NONNULL = YES;
				CLANG_ANALYZER_NUMBER_OBJECT_CONVERSION = YES_AGGRESSIVE;
				CLANG_CXX_LANGUAGE_STANDARD = "gnu++20";
				CLANG_ENABLE_MODULES = YES;
				CLANG_ENABLE_OBJC_ARC = YES;
				CLANG_ENABLE_OBJC_WEAK = YES;
				CLANG_WARN_BLOCK_CAPTURE_AUTORELEASING = YES;
				CLANG_WARN_BOOL_CONVERSION = YES;
				CLANG_WARN_COMMA = YES;
				CLANG_WARN_CONSTANT_CONVERSION = YES;
				CLANG_WARN_DEPRECATED_OBJC_IMPLEMENTATIONS = YES;
				CLANG_WARN_DIRECT_OBJC_ISA_USAGE = YES_ERROR;
				CLANG_WARN_DOCUMENTATION_COMMENTS = YES;
				CLANG_WARN_EMPTY_BODY = YES;
				CLANG_WARN_ENUM_CONVERSION = YES;
				CLANG_WARN_INFINITE_RECURSION = YES;
				CLANG_WARN_INT_CONVERSION = YES;
				CLANG_WARN_NON_LITERAL_NULL_CONVERSION = YES;
				CLANG_WARN_OBJC_IMPLICIT_RETAIN_SELF = YES;
				CLANG_WARN_OBJC_LITERAL_CONVERSION = YES;
				CLANG_WARN_OBJC_ROOT_CLASS = YES_ERROR;
				CLANG_WARN_QUOTED_INCLUDE_IN_FRAMEWORK_HEADER = YES;
				CLANG_WARN_RANGE_LOOP_ANALYSIS = YES;
				CLANG_WARN_STRICT_PROTOTYPES = YES;
				CLANG_WARN_SUSPICIOUS_MOVE = YES;
				CLANG_WARN_UNGUARDED_AVAILABILITY = YES_AGGRESSIVE;
				CLANG_WARN_UNREACHABLE_CODE = YES;
				CLANG_WARN__DUPLICATE_METHOD_MATCH = YES;
				COPY_PHASE_STRIP = NO;
				DEBUG_INFORMATION_FORMAT = "dwarf-with-dsym";
				ENABLE_NS_ASSERTIONS = NO;
				ENABLE_STRICT_OBJC_MSGSEND = YES;
				GCC_C_LANGUAGE_STANDARD = gnu11;
				GCC_NO_COMMON_BLOCKS = YES;
				GCC_WARN_64_TO_32_BIT_CONVERSION = YES;
				GCC_WARN_ABOUT_RETURN_TYPE = YES_ERROR;
				GCC_WARN_UNDECLARED_SELECTOR = YES;
				GCC_WARN_UNINITIALIZED_AUTOS = YES_AGGRESSIVE;
				GCC_WARN_UNUSED_FUNCTION = YES;
				GCC_WARN_UNUSED_VARIABLE = YES;
				IPHONEOS_DEPLOYMENT_TARGET = 16.0;
				MTL_ENABLE_DEBUG_INFO = NO;
				MTL_FAST_MATH = YES;
				SDKROOT = iphoneos;
				SWIFT_COMPILATION_MODE = wholemodule;
				SWIFT_OPTIMIZATION_LEVEL = "-O";
				VALIDATE_PRODUCT = YES;
			};
			name = Release;
		};
		84651EDE292601F500F7F938 /* Debug */ = {
			isa = XCBuildConfiguration;
			buildSettings = {
				ASSETCATALOG_COMPILER_APPICON_NAME = AppIcon;
				ASSETCATALOG_COMPILER_GLOBAL_ACCENT_COLOR_NAME = AccentColor;
				CODE_SIGN_STYLE = Automatic;
				CURRENT_PROJECT_VERSION = 1;
				GENERATE_INFOPLIST_FILE = YES;
				INFOPLIST_FILE = karthikCals/Info.plist;
				INFOPLIST_KEY_UIApplicationSupportsIndirectInputEvents = YES;
				INFOPLIST_KEY_UILaunchStoryboardName = LaunchScreen;
				INFOPLIST_KEY_UIMainStoryboardFile = Main;
				INFOPLIST_KEY_UISupportedInterfaceOrientations_iPad = "UIInterfaceOrientationPortrait UIInterfaceOrientationPortraitUpsideDown UIInterfaceOrientationLandscapeLeft UIInterfaceOrientationLandscapeRight";
				INFOPLIST_KEY_UISupportedInterfaceOrientations_iPhone = "UIInterfaceOrientationPortrait UIInterfaceOrientationLandscapeLeft UIInterfaceOrientationLandscapeRight";
				LD_RUNPATH_SEARCH_PATHS = (
					"$(inherited)",
					"@executable_path/Frameworks",
				);
				MARKETING_VERSION = 1.0;
				PRODUCT_BUNDLE_IDENTIFIER = iOS.karthikCals;
				PRODUCT_NAME = "$(TARGET_NAME)";
				SWIFT_EMIT_LOC_STRINGS = YES;
				SWIFT_VERSION = 5.0;
				TARGETED_DEVICE_FAMILY = "1,2";
			};
			name = Debug;
		};
		84651EDF292601F500F7F938 /* Release */ = {
			isa = XCBuildConfiguration;
			buildSettings = {
				ASSETCATALOG_COMPILER_APPICON_NAME = AppIcon;
				ASSETCATALOG_COMPILER_GLOBAL_ACCENT_COLOR_NAME = AccentColor;
				CODE_SIGN_STYLE = Automatic;
				CURRENT_PROJECT_VERSION = 1;
				GENERATE_INFOPLIST_FILE = YES;
				INFOPLIST_FILE = karthikCals/Info.plist;
				INFOPLIST_KEY_UIApplicationSupportsIndirectInputEvents = YES;
				INFOPLIST_KEY_UILaunchStoryboardName = LaunchScreen;
				INFOPLIST_KEY_UIMainStoryboardFile = Main;
				INFOPLIST_KEY_UISupportedInterfaceOrientations_iPad = "UIInterfaceOrientationPortrait UIInterfaceOrientationPortraitUpsideDown UIInterfaceOrientationLandscapeLeft UIInterfaceOrientationLandscapeRight";
				INFOPLIST_KEY_UISupportedInterfaceOrientations_iPhone = "UIInterfaceOrientationPortrait UIInterfaceOrientationLandscapeLeft UIInterfaceOrientationLandscapeRight";
				LD_RUNPATH_SEARCH_PATHS = (
					"$(inherited)",
					"@executable_path/Frameworks",
				);
				MARKETING_VERSION = 1.0;
				PRODUCT_BUNDLE_IDENTIFIER = iOS.karthikCals;
				PRODUCT_NAME = "$(TARGET_NAME)";
				SWIFT_EMIT_LOC_STRINGS = YES;
				SWIFT_VERSION = 5.0;
				TARGETED_DEVICE_FAMILY = "1,2";
			};
			name = Release;
		};
		84651EE1292601F500F7F938 /* Debug */ = {
			isa = XCBuildConfiguration;
			buildSettings = {
				ALWAYS_EMBED_SWIFT_STANDARD_LIBRARIES = YES;
				BUNDLE_LOADER = "$(TEST_HOST)";
				CODE_SIGN_STYLE = Automatic;
				CURRENT_PROJECT_VERSION = 1;
				GENERATE_INFOPLIST_FILE = YES;
				IPHONEOS_DEPLOYMENT_TARGET = 16.0;
				MARKETING_VERSION = 1.0;
				PRODUCT_BUNDLE_IDENTIFIER = iOS.karthikCalsTests;
				PRODUCT_NAME = "$(TARGET_NAME)";
				SWIFT_EMIT_LOC_STRINGS = NO;
				SWIFT_VERSION = 5.0;
				TARGETED_DEVICE_FAMILY = "1,2";
				TEST_HOST = "$(BUILT_PRODUCTS_DIR)/karthikCals.app/$(BUNDLE_EXECUTABLE_FOLDER_PATH)/karthikCals";
			};
			name = Debug;
		};
		84651EE2292601F500F7F938 /* Release */ = {
			isa = XCBuildConfiguration;
			buildSettings = {
				ALWAYS_EMBED_SWIFT_STANDARD_LIBRARIES = YES;
				BUNDLE_LOADER = "$(TEST_HOST)";
				CODE_SIGN_STYLE = Automatic;
				CURRENT_PROJECT_VERSION = 1;
				GENERATE_INFOPLIST_FILE = YES;
				IPHONEOS_DEPLOYMENT_TARGET = 16.0;
				MARKETING_VERSION = 1.0;
				PRODUCT_BUNDLE_IDENTIFIER = iOS.karthikCalsTests;
				PRODUCT_NAME = "$(TARGET_NAME)";
				SWIFT_EMIT_LOC_STRINGS = NO;
				SWIFT_VERSION = 5.0;
				TARGETED_DEVICE_FAMILY = "1,2";
				TEST_HOST = "$(BUILT_PRODUCTS_DIR)/karthikCals.app/$(BUNDLE_EXECUTABLE_FOLDER_PATH)/karthikCals";
			};
			name = Release;
		};
		84651EE4292601F500F7F938 /* Debug */ = {
			isa = XCBuildConfiguration;
			buildSettings = {
				ALWAYS_EMBED_SWIFT_STANDARD_LIBRARIES = YES;
				CODE_SIGN_STYLE = Automatic;
				CURRENT_PROJECT_VERSION = 1;
				GENERATE_INFOPLIST_FILE = YES;
				MARKETING_VERSION = 1.0;
				PRODUCT_BUNDLE_IDENTIFIER = iOS.karthikCalsUITests;
				PRODUCT_NAME = "$(TARGET_NAME)";
				SWIFT_EMIT_LOC_STRINGS = NO;
				SWIFT_VERSION = 5.0;
				TARGETED_DEVICE_FAMILY = "1,2";
				TEST_TARGET_NAME = karthikCals;
			};
			name = Debug;
		};
		84651EE5292601F500F7F938 /* Release */ = {
			isa = XCBuildConfiguration;
			buildSettings = {
				ALWAYS_EMBED_SWIFT_STANDARD_LIBRARIES = YES;
				CODE_SIGN_STYLE = Automatic;
				CURRENT_PROJECT_VERSION = 1;
				GENERATE_INFOPLIST_FILE = YES;
				MARKETING_VERSION = 1.0;
				PRODUCT_BUNDLE_IDENTIFIER = iOS.karthikCalsUITests;
				PRODUCT_NAME = "$(TARGET_NAME)";
				SWIFT_EMIT_LOC_STRINGS = NO;
				SWIFT_VERSION = 5.0;
				TARGETED_DEVICE_FAMILY = "1,2";
				TEST_TARGET_NAME = karthikCals;
			};
			name = Release;
		};
/* End XCBuildConfiguration section */

/* Begin XCConfigurationList section */
		84651EAE292601F200F7F938 /* Build configuration list for PBXProject "karthikCals" */ = {
			isa = XCConfigurationList;
			buildConfigurations = (
				84651EDB292601F500F7F938 /* Debug */,
				84651EDC292601F500F7F938 /* Release */,
			);
			defaultConfigurationIsVisible = 0;
			defaultConfigurationName = Release;
		};
		84651EDD292601F500F7F938 /* Build configuration list for PBXNativeTarget "karthikCals" */ = {
			isa = XCConfigurationList;
			buildConfigurations = (
				84651EDE292601F500F7F938 /* Debug */,
				84651EDF292601F500F7F938 /* Release */,
			);
			defaultConfigurationIsVisible = 0;
			defaultConfigurationName = Release;
		};
		84651EE0292601F500F7F938 /* Build configuration list for PBXNativeTarget "karthikCalsTests" */ = {
			isa = XCConfigurationList;
			buildConfigurations = (
				84651EE1292601F500F7F938 /* Debug */,
				84651EE2292601F500F7F938 /* Release */,
			);
			defaultConfigurationIsVisible = 0;
			defaultConfigurationName = Release;
		};
		84651EE3292601F500F7F938 /* Build configuration list for PBXNativeTarget "karthikCalsUITests" */ = {
			isa = XCConfigurationList;
			buildConfigurations = (
				84651EE4292601F500F7F938 /* Debug */,
				84651EE5292601F500F7F938 /* Release */,
			);
			defaultConfigurationIsVisible = 0;
			defaultConfigurationName = Release;
		};
/* End XCConfigurationList section */
	};
	rootObject = 84651EAB292601F200F7F938 /* Project object */;
}
